
Microsoft Visual Studio Solution File, Format Version 12.00
# Visual Studio Version 17
VisualStudioVersion = 17.7.34003.232
MinimumVisualStudioVersion = 10.0.40219.1
Project("{2150E333-8FDC-42A3-9474-1A3956D46DE8}") = "Market", "Market", "{154E389E-025C-4947-8034-55EB1052CF6D}"
EndProject
Project("{FAE04EC0-301F-11D3-BF4B-00C04F79EFBC}") = "Market.API", "Market.API\Market.API.csproj", "{6318CFED-B347-4954-9BB4-5E312AACACD0}"
EndProject
Project("{E53339B2-1760-4266-BCC7-CA923CBCF16C}") = "docker-compose", "docker-compose.dcproj", "{717FFA58-FCCB-40EC-A730-D767C2F9A66E}"
EndProject
Global
	GlobalSection(SolutionConfigurationPlatforms) = preSolution
		Debug|Any CPU = Debug|Any CPU
		Release|Any CPU = Release|Any CPU
	EndGlobalSection
	GlobalSection(ProjectConfigurationPlatforms) = postSolution
		{6318CFED-B347-4954-9BB4-5E312AACACD0}.Debug|Any CPU.ActiveCfg = Debug|Any CPU
		{6318CFED-B347-4954-9BB4-5E312AACACD0}.Debug|Any CPU.Build.0 = Debug|Any CPU
		{6318CFED-B347-4954-9BB4-5E312AACACD0}.Release|Any CPU.ActiveCfg = Release|Any CPU
		{6318CFED-B347-4954-9BB4-5E312AACACD0}.Release|Any CPU.Build.0 = Release|Any CPU
		{717FFA58-FCCB-40EC-A730-D767C2F9A66E}.Debug|Any CPU.ActiveCfg = Debug|Any CPU
		{717FFA58-FCCB-40EC-A730-D767C2F9A66E}.Debug|Any CPU.Build.0 = Debug|Any CPU
		{717FFA58-FCCB-40EC-A730-D767C2F9A66E}.Release|Any CPU.ActiveCfg = Release|Any CPU
		{717FFA58-FCCB-40EC-A730-D767C2F9A66E}.Release|Any CPU.Build.0 = Release|Any CPU
	EndGlobalSection
	GlobalSection(SolutionProperties) = preSolution
		HideSolutionNode = FALSE
	EndGlobalSection
	GlobalSection(NestedProjects) = preSolution
		{6318CFED-B347-4954-9BB4-5E312AACACD0} = {154E389E-025C-4947-8034-55EB1052CF6D}
	EndGlobalSection
	GlobalSection(ExtensibilityGlobals) = postSolution
		SolutionGuid = {EC6F9E9D-3394-40B3-8CA1-F132174D79A0}
	EndGlobalSection
EndGlobal
